# This file was autogenerated by Stack.
# You should not edit this file by hand.
# For more information, please see the documentation at:
#   https://docs.haskellstack.org/en/stable/lock_files

packages:
- completed:
    hackage: resourcet-1.2.2@sha256:8cd361114a67a1e18303569b022d39875eb38f91d5176b657f22b16866ccc395,1655
    pantry-tree:
      size: 647
      sha256: 1ca0c87bbf3edeee5c1a9c44f433be7367e95a13ead452cfc64c70d39ac98a5b
  original:
    hackage: resourcet-1.2.2
snapshots:
- completed:
    size: 509471
    url: https://raw.githubusercontent.com/commercialhaskell/stackage-snapshots/master/lts/12/26.yaml
    sha256: 95f014df58d0679b1c4a2b7bf2b652b61da8d30de5f571abb0d59015ef678646
  original: lts-12.26
